
Microsoft Visual Studio Solution File, Format Version 12.00
# Visual Studio Version 16
VisualStudioVersion = 16.0.31205.134
MinimumVisualStudioVersion = 10.0.40219.1
Project("{FAE04EC0-301F-11D3-BF4B-00C04F79EFBC}") = "MySortingFunctions", "MySortingFunctions\MySortingFunctions.csproj", "{789F55AE-7A67-4F3F-8390-F2892C5D5BBF}"
EndProject
Global
	GlobalSection(SolutionConfigurationPlatforms) = preSolution
		Debug|Any CPU = Debug|Any CPU
		Release|Any CPU = Release|Any CPU
	EndGlobalSection
	GlobalSection(ProjectConfigurationPlatforms) = postSolution
		{789F55AE-7A67-4F3F-8390-F2892C5D5BBF}.Debug|Any CPU.ActiveCfg = Debug|Any CPU
		{789F55AE-7A67-4F3F-8390-F2892C5D5BBF}.Debug|Any CPU.Build.0 = Debug|Any CPU
		{789F55AE-7A67-4F3F-8390-F2892C5D5BBF}.Release|Any CPU.ActiveCfg = Release|Any CPU
		{789F55AE-7A67-4F3F-8390-F2892C5D5BBF}.Release|Any CPU.Build.0 = Release|Any CPU
	EndGlobalSection
	GlobalSection(SolutionProperties) = preSolution
		HideSolutionNode = FALSE
	EndGlobalSection
	GlobalSection(ExtensibilityGlobals) = postSolution
		SolutionGuid = {C198093F-4377-4903-959A-BA9175ADBFA5}
	EndGlobalSection
EndGlobal
